
Microsoft Visual Studio Solution File, Format Version 12.00
# Visual Studio Version 17
VisualStudioVersion = 17.5.002.0
MinimumVisualStudioVersion = 10.0.40219.1
Project("{9A19103F-16F7-4668-BE54-9A1E7A4F7556}") = "CadastroDeCarro.API", "CadastroDeCarro.API\CadastroDeCarro.API.csproj", "{27C585C1-478F-4B95-B62D-6A279F34CBF2}"
EndProject
Global
	GlobalSection(SolutionConfigurationPlatforms) = preSolution
		Debug|Any CPU = Debug|Any CPU
		Release|Any CPU = Release|Any CPU
	EndGlobalSection
	GlobalSection(ProjectConfigurationPlatforms) = postSolution
		{27C585C1-478F-4B95-B62D-6A279F34CBF2}.Debug|Any CPU.ActiveCfg = Debug|Any CPU
		{27C585C1-478F-4B95-B62D-6A279F34CBF2}.Debug|Any CPU.Build.0 = Debug|Any CPU
		{27C585C1-478F-4B95-B62D-6A279F34CBF2}.Release|Any CPU.ActiveCfg = Release|Any CPU
		{27C585C1-478F-4B95-B62D-6A279F34CBF2}.Release|Any CPU.Build.0 = Release|Any CPU
	EndGlobalSection
	GlobalSection(SolutionProperties) = preSolution
		HideSolutionNode = FALSE
	EndGlobalSection
	GlobalSection(ExtensibilityGlobals) = postSolution
		SolutionGuid = {A21EF041-A608-4CB9-9901-1B142C94FD58}
	EndGlobalSection
EndGlobal
